// !$*UTF8*$!
{
	archiveVersion = 1;
	classes = {
	};
	objectVersion = 50;
	objects = {

/* Begin PBXBuildFile section */
		A40B32C6202467B700F663E9 /* AppDelegate.swift in Sources */ = {isa = PBXBuildFile; fileRef = A40B32C5202467B700F663E9 /* AppDelegate.swift */; };
		A40B32C8202467B700F663E9 /* GameScene.sks in Resources */ = {isa = PBXBuildFile; fileRef = A40B32C7202467B700F663E9 /* GameScene.sks */; };
		A40B32CA202467B700F663E9 /* Actions.sks in Resources */ = {isa = PBXBuildFile; fileRef = A40B32C9202467B700F663E9 /* Actions.sks */; };
		A40B32CC202467B800F663E9 /* GameScene.swift in Sources */ = {isa = PBXBuildFile; fileRef = A40B32CB202467B800F663E9 /* GameScene.swift */; };
		A40B32CE202467B800F663E9 /* GameViewController.swift in Sources */ = {isa = PBXBuildFile; fileRef = A40B32CD202467B800F663E9 /* GameViewController.swift */; };
		A40B32D1202467B800F663E9 /* Main.storyboard in Resources */ = {isa = PBXBuildFile; fileRef = A40B32CF202467B800F663E9 /* Main.storyboard */; };
		A40B32D3202467BB00F663E9 /* Assets.xcassets in Resources */ = {isa = PBXBuildFile; fileRef = A40B32D2202467BB00F663E9 /* Assets.xcassets */; };
		A40B32D6202467BB00F663E9 /* LaunchScreen.storyboard in Resources */ = {isa = PBXBuildFile; fileRef = A40B32D4202467BB00F663E9 /* LaunchScreen.storyboard */; };
/* End PBXBuildFile section */

/* Begin PBXFileReference section */
		A40B32C2202467B700F663E9 /* FlappyBird1.app */ = {isa = PBXFileReference; explicitFileType = wrapper.application; includeInIndex = 0; path = FlappyBird1.app; sourceTree = BUILT_PRODUCTS_DIR; };
		A40B32C5202467B700F663E9 /* AppDelegate.swift */ = {isa = PBXFileReference; lastKnownFileType = sourcecode.swift; path = AppDelegate.swift; sourceTree = "<group>"; };
		A40B32C7202467B700F663E9 /* GameScene.sks */ = {isa = PBXFileReference; lastKnownFileType = file.sks; path = GameScene.sks; sourceTree = "<group>"; };
		A40B32C9202467B700F663E9 /* Actions.sks */ = {isa = PBXFileReference; lastKnownFileType = file.sks; path = Actions.sks; sourceTree = "<group>"; };
		A40B32CB202467B800F663E9 /* GameScene.swift */ = {isa = PBXFileReference; lastKnownFileType = sourcecode.swift; path = GameScene.swift; sourceTree = "<group>"; };
		A40B32CD202467B800F663E9 /* GameViewController.swift */ = {isa = PBXFileReference; lastKnownFileType = sourcecode.swift; path = GameViewController.swift; sourceTree = "<group>"; };
		A40B32D0202467B800F663E9 /* Base */ = {isa = PBXFileReference; lastKnownFileType = file.storyboard; name = Base; path = Base.lproj/Main.storyboard; sourceTree = "<group>"; };
		A40B32D2202467BB00F663E9 /* Assets.xcassets */ = {isa = PBXFileReference; lastKnownFileType = folder.assetcatalog; path = Assets.xcassets; sourceTree = "<group>"; };
		A40B32D5202467BB00F663E9 /* Base */ = {isa = PBXFileReference; lastKnownFileType = file.storyboard; name = Base; path = Base.lproj/LaunchScreen.storyboard; sourceTree = "<group>"; };
		A40B32D7202467BB00F663E9 /* Info.plist */ = {isa = PBXFileReference; lastKnownFileType = text.plist.xml; path = Info.plist; sourceTree = "<group>"; };
/* End PBXFileReference section */

/* Begin PBXFrameworksBuildPhase section */
		A40B32BF202467B700F663E9 /* Frameworks */ = {
			isa = PBXFrameworksBuildPhase;
			buildActionMask = 2147483647;
			files = (
			);
			runOnlyForDeploymentPostprocessing = 0;
		};
/* End PBXFrameworksBuildPhase section */

/* Begin PBXGroup section */
		A40B32B9202467B700F663E9 = {
			isa = PBXGroup;
			children = (
				A40B32C4202467B700F663E9 /* FlappyBird1 */,
				A40B32C3202467B700F663E9 /* Products */,
			);
			sourceTree = "<group>";
		};
		A40B32C3202467B700F663E9 /* Products */ = {
			isa = PBXGroup;
			children = (
				A40B32C2202467B700F663E9 /* FlappyBird1.app */,
			);
			name = Products;
			sourceTree = "<group>";
		};
		A40B32C4202467B700F663E9 /* FlappyBird1 */ = {
			isa = PBXGroup;
			children = (
				A40B32C5202467B700F663E9 /* AppDelegate.swift */,
				A40B32C7202467B700F663E9 /* GameScene.sks */,
				A40B32C9202467B700F663E9 /* Actions.sks */,
				A40B32CB202467B800F663E9 /* GameScene.swift */,
				A40B32CD202467B800F663E9 /* GameViewController.swift */,
				A40B32CF202467B800F663E9 /* Main.storyboard */,
				A40B32D2202467BB00F663E9 /* Assets.xcassets */,
				A40B32D4202467BB00F663E9 /* LaunchScreen.storyboard */,
				A40B32D7202467BB00F663E9 /* Info.plist */,
			);
			path = FlappyBird1;
			sourceTree = "<group>";
		};
/* End PBXGroup section */

/* Begin PBXNativeTarget section */
		A40B32C1202467B700F663E9 /* FlappyBird1 */ = {
			isa = PBXNativeTarget;
			buildConfigurationList = A40B32DA202467BB00F663E9 /* Build configuration list for PBXNativeTarget "FlappyBird1" */;
			buildPhases = (
				A40B32BE202467B700F663E9 /* Sources */,
				A40B32BF202467B700F663E9 /* Frameworks */,
				A40B32C0202467B700F663E9 /* Resources */,
			);
			buildRules = (
			);
			dependencies = (
			);
			name = FlappyBird1;
			productName = FlappyBird1;
			productReference = A40B32C2202467B700F663E9 /* FlappyBird1.app */;
			productType = "com.apple.product-type.application";
		};
/* End PBXNativeTarget section */

/* Begin PBXProject section */
		A40B32BA202467B700F663E9 /* Project object */ = {
			isa = PBXProject;
			attributes = {
				LastSwiftUpdateCheck = 0930;
				LastUpgradeCheck = 0930;
				ORGANIZATIONNAME = "Yuta Fujii";
				TargetAttributes = {
					A40B32C1202467B700F663E9 = {
						CreatedOnToolsVersion = 9.3;
					};
				};
			};
			buildConfigurationList = A40B32BD202467B700F663E9 /* Build configuration list for PBXProject "FlappyBird1" */;
			compatibilityVersion = "Xcode 9.3";
			developmentRegion = en;
			hasScannedForEncodings = 0;
			knownRegions = (
				en,
				Base,
			);
			mainGroup = A40B32B9202467B700F663E9;
			productRefGroup = A40B32C3202467B700F663E9 /* Products */;
			projectDirPath = "";
			projectRoot = "";
			targets = (
				A40B32C1202467B700F663E9 /* FlappyBird1 */,
			);
		};
/* End PBXProject section */

/* Begin PBXResourcesBuildPhase section */
		A40B32C0202467B700F663E9 /* Resources */ = {
			isa = PBXResourcesBuildPhase;
			buildActionMask = 2147483647;
			files = (
				A40B32D1202467B800F663E9 /* Main.storyboard in Resources */,
				A40B32C8202467B700F663E9 /* GameScene.sks in Resources */,
				A40B32D3202467BB00F663E9 /* Assets.xcassets in Resources */,
				A40B32D6202467BB00F663E9 /* LaunchScreen.storyboard in Resources */,
				A40B32CA202467B700F663E9 /* Actions.sks in Resources */,
			);
			runOnlyForDeploymentPostprocessing = 0;
		};
/* End PBXResourcesBuildPhase section */

/* Begin PBXSourcesBuildPhase section */
		A40B32BE202467B700F663E9 /* Sources */ = {
			isa = PBXSourcesBuildPhase;
			buildActionMask = 2147483647;
			files = (
				A40B32CC202467B800F663E9 /* GameScene.swift in Sources */,
				A40B32CE202467B800F663E9 /* GameViewController.swift in Sources */,
				A40B32C6202467B700F663E9 /* AppDelegate.swift in Sources */,
			);
			runOnlyForDeploymentPostprocessing = 0;
		};
/* End PBXSourcesBuildPhase section */

/* Begin PBXVariantGroup section */
		A40B32CF202467B800F663E9 /* Main.storyboard */ = {
			isa = PBXVariantGroup;
			children = (
				A40B32D0202467B800F663E9 /* Base */,
			);
			name = Main.storyboard;
			sourceTree = "<group>";
		};
		A40B32D4202467BB00F663E9 /* LaunchScreen.storyboard */ = {
			isa = PBXVariantGroup;
			children = (
				A40B32D5202467BB00F663E9 /* Base */,
			);
			name = LaunchScreen.storyboard;
			sourceTree = "<group>";
		};
/* End PBXVariantGroup section */

/* Begin XCBuildConfiguration section */
		A40B32D8202467BB00F663E9 /* Debug */ = {
			isa = XCBuildConfiguration;
			buildSettings = {
				ALWAYS_SEARCH_USER_PATHS = NO;
				CLANG_ANALYZER_NONNULL = YES;
				CLANG_ANALYZER_NUMBER_OBJECT_CONVERSION = YES_AGGRESSIVE;
				CLANG_CXX_LANGUAGE_STANDARD = "gnu++14";
				CLANG_CXX_LIBRARY = "libc++";
				CLANG_ENABLE_MODULES = YES;
				CLANG_ENABLE_OBJC_ARC = YES;
				CLANG_ENABLE_OBJC_WEAK = YES;
				CLANG_WARN_BLOCK_CAPTURE_AUTORELEASING = YES;
				CLANG_WARN_BOOL_CONVERSION = YES;
				CLANG_WARN_COMMA = YES;
				CLANG_WARN_CONSTANT_CONVERSION = YES;
				CLANG_WARN_DEPRECATED_OBJC_IMPLEMENTATIONS = YES;
				CLANG_WARN_DIRECT_OBJC_ISA_USAGE = YES_ERROR;
				CLANG_WARN_DOCUMENTATION_COMMENTS = YES;
				CLANG_WARN_EMPTY_BODY = YES;
				CLANG_WARN_ENUM_CONVERSION = YES;
				CLANG_WARN_INFINITE_RECURSION = YES;
				CLANG_WARN_INT_CONVERSION = YES;
				CLANG_WARN_NON_LITERAL_NULL_CONVERSION = YES;
				CLANG_WARN_OBJC_IMPLICIT_RETAIN_SELF = YES;
				CLANG_WARN_OBJC_LITERAL_CONVERSION = YES;
				CLANG_WARN_OBJC_ROOT_CLASS = YES_ERROR;
				CLANG_WARN_RANGE_LOOP_ANALYSIS = YES;
				CLANG_WARN_STRICT_PROTOTYPES = YES;
				CLANG_WARN_SUSPICIOUS_MOVE = YES;
				CLANG_WARN_UNGUARDED_AVAILABILITY = YES_AGGRESSIVE;
				CLANG_WARN_UNREACHABLE_CODE = YES;
				CLANG_WARN__DUPLICATE_METHOD_MATCH = YES;
				CODE_SIGN_IDENTITY = "iPhone Developer";
				COPY_PHASE_STRIP = NO;
				DEBUG_INFORMATION_FORMAT = dwarf;
				ENABLE_STRICT_OBJC_MSGSEND = YES;
				ENABLE_TESTABILITY = YES;
				GCC_C_LANGUAGE_STANDARD = gnu11;
				GCC_DYNAMIC_NO_PIC = NO;
				GCC_NO_COMMON_BLOCKS = YES;
				GCC_OPTIMIZATION_LEVEL = 0;
				GCC_PREPROCESSOR_DEFINITIONS = (
					"DEBUG=1",
					"$(inherited)",
				);
				GCC_WARN_64_TO_32_BIT_CONVERSION = YES;
				GCC_WARN_ABOUT_RETURN_TYPE = YES_ERROR;
				GCC_WARN_UNDECLARED_SELECTOR = YES;
				GCC_WARN_UNINITIALIZED_AUTOS = YES_AGGRESSIVE;
				GCC_WARN_UNUSED_FUNCTION = YES;
				GCC_WARN_UNUSED_VARIABLE = YES;
				IPHONEOS_DEPLOYMENT_TARGET = 11.3;
				MTL_ENABLE_DEBUG_INFO = YES;
				ONLY_ACTIVE_ARCH = YES;
				SDKROOT = iphoneos;
				SWIFT_ACTIVE_COMPILATION_CONDITIONS = DEBUG;
				SWIFT_OPTIMIZATION_LEVEL = "-Onone";
			};
			name = Debug;
		};
		A40B32D9202467BB00F663E9 /* Release */ = {
			isa = XCBuildConfiguration;
			buildSettings = {
				ALWAYS_SEARCH_USER_PATHS = NO;
				CLANG_ANALYZER_NONNULL = YES;
				CLANG_ANALYZER_NUMBER_OBJECT_CONVERSION = YES_AGGRESSIVE;
				CLANG_CXX_LANGUAGE_STANDARD = "gnu++14";
				CLANG_CXX_LIBRARY = "libc++";
				CLANG_ENABLE_MODULES = YES;
				CLANG_ENABLE_OBJC_ARC = YES;
				CLANG_ENABLE_OBJC_WEAK = YES;
				CLANG_WARN_BLOCK_CAPTURE_AUTORELEASING = YES;
				CLANG_WARN_BOOL_CONVERSION = YES;
				CLANG_WARN_COMMA = YES;
				CLANG_WARN_CONSTANT_CONVERSION = YES;
				CLANG_WARN_DEPRECATED_OBJC_IMPLEMENTATIONS = YES;
				CLANG_WARN_DIRECT_OBJC_ISA_USAGE = YES_ERROR;
				CLANG_WARN_DOCUMENTATION_COMMENTS = YES;
				CLANG_WARN_EMPTY_BODY = YES;
				CLANG_WARN_ENUM_CONVERSION = YES;
				CLANG_WARN_INFINITE_RECURSION = YES;
				CLANG_WARN_INT_CONVERSION = YES;
				CLANG_WARN_NON_LITERAL_NULL_CONVERSION = YES;
				CLANG_WARN_OBJC_IMPLICIT_RETAIN_SELF = YES;
				CLANG_WARN_OBJC_LITERAL_CONVERSION = YES;
				CLANG_WARN_OBJC_ROOT_CLASS = YES_ERROR;
				CLANG_WARN_RANGE_LOOP_ANALYSIS = YES;
				CLANG_WARN_STRICT_PROTOTYPES = YES;
				CLANG_WARN_SUSPICIOUS_MOVE = YES;
				CLANG_WARN_UNGUARDED_AVAILABILITY = YES_AGGRESSIVE;
				CLANG_WARN_UNREACHABLE_CODE = YES;
				CLANG_WARN__DUPLICATE_METHOD_MATCH = YES;
				CODE_SIGN_IDENTITY = "iPhone Developer";
				COPY_PHASE_STRIP = NO;
				DEBUG_INFORMATION_FORMAT = "dwarf-with-dsym";
				ENABLE_NS_ASSERTIONS = NO;
				ENABLE_STRICT_OBJC_MSGSEND = YES;
				GCC_C_LANGUAGE_STANDARD = gnu11;
				GCC_NO_COMMON_BLOCKS = YES;
				GCC_WARN_64_TO_32_BIT_CONVERSION = YES;
				GCC_WARN_ABOUT_RETURN_TYPE = YES_ERROR;
				GCC_WARN_UNDECLARED_SELECTOR = YES;
				GCC_WARN_UNINITIALIZED_AUTOS = YES_AGGRESSIVE;
				GCC_WARN_UNUSED_FUNCTION = YES;
				GCC_WARN_UNUSED_VARIABLE = YES;
				IPHONEOS_DEPLOYMENT_TARGET = 11.3;
				MTL_ENABLE_DEBUG_INFO = NO;
				SDKROOT = iphoneos;
				SWIFT_OPTIMIZATION_LEVEL = "-Owholemodule";
				VALIDATE_PRODUCT = YES;
			};
			name = Release;
		};
		A40B32DB202467BB00F663E9 /* Debug */ = {
			isa = XCBuildConfiguration;
			buildSettings = {
				ASSETCATALOG_COMPILER_APPICON_NAME = AppIcon;
				CODE_SIGN_STYLE = Automatic;
				INFOPLIST_FILE = FlappyBird1/Info.plist;
				LD_RUNPATH_SEARCH_PATHS = (
					"$(inherited)",
					"@executable_path/Frameworks",
				);
				PRODUCT_BUNDLE_IDENTIFIER = com.yutaudemy.FlappyBird1;
				PRODUCT_NAME = "$(TARGET_NAME)";
				SWIFT_VERSION = 4.0;
				TARGETED_DEVICE_FAMILY = "1,2";
			};
			name = Debug;
		};
		A40B32DC202467BB00F663E9 /* Release */ = {
			isa = XCBuildConfiguration;
			buildSettings = {
				ASSETCATALOG_COMPILER_APPICON_NAME = AppIcon;
				CODE_SIGN_STYLE = Automatic;
				INFOPLIST_FILE = FlappyBird1/Info.plist;
				LD_RUNPATH_SEARCH_PATHS = (
					"$(inherited)",
					"@executable_path/Frameworks",
				);
				PRODUCT_BUNDLE_IDENTIFIER = com.yutaudemy.FlappyBird1;
				PRODUCT_NAME = "$(TARGET_NAME)";
				SWIFT_VERSION = 4.0;
				TARGETED_DEVICE_FAMILY = "1,2";
			};
			name = Release;
		};
/* End XCBuildConfiguration section */

/* Begin XCConfigurationList section */
		A40B32BD202467B700F663E9 /* Build configuration list for PBXProject "FlappyBird1" */ = {
			isa = XCConfigurationList;
			buildConfigurations = (
				A40B32D8202467BB00F663E9 /* Debug */,
				A40B32D9202467BB00F663E9 /* Release */,
			);
			defaultConfigurationIsVisible = 0;
			defaultConfigurationName = Release;
		};
		A40B32DA202467BB00F663E9 /* Build configuration list for PBXNativeTarget "FlappyBird1" */ = {
			isa = XCConfigurationList;
			buildConfigurations = (
				A40B32DB202467BB00F663E9 /* Debug */,
				A40B32DC202467BB00F663E9 /* Release */,
			);
			defaultConfigurationIsVisible = 0;
			defaultConfigurationName = Release;
		};
/* End XCConfigurationList section */
	};
	rootObject = A40B32BA202467B700F663E9 /* Project object */;
}
